
Microsoft Visual Studio Solution File, Format Version 12.00
# Visual Studio Version 17
VisualStudioVersion = 17.5.33414.496
MinimumVisualStudioVersion = 10.0.40219.1
Project("{FAE04EC0-301F-11D3-BF4B-00C04F79EFBC}") = "BlazorCrud.Server", "BlazorCrud.Server\BlazorCrud.Server.csproj", "{2F075F9F-4E30-47DE-809C-42ABAEFEBC77}"
EndProject
Project("{FAE04EC0-301F-11D3-BF4B-00C04F79EFBC}") = "BlazorCrud.Shared", "BlazorCrud.Shared\BlazorCrud.Shared.csproj", "{137EDD92-BA19-49C0-B05B-17321D045788}"
EndProject
Project("{FAE04EC0-301F-11D3-BF4B-00C04F79EFBC}") = "BlazorCrud.Client", "BlazorCrud.Client\BlazorCrud.Client.csproj", "{CD9D6130-B4E9-4B95-8A9B-2BDAB8589E33}"
EndProject
Global
	GlobalSection(SolutionConfigurationPlatforms) = preSolution
		Debug|Any CPU = Debug|Any CPU
		Release|Any CPU = Release|Any CPU
	EndGlobalSection
	GlobalSection(ProjectConfigurationPlatforms) = postSolution
		{2F075F9F-4E30-47DE-809C-42ABAEFEBC77}.Debug|Any CPU.ActiveCfg = Debug|Any CPU
		{2F075F9F-4E30-47DE-809C-42ABAEFEBC77}.Debug|Any CPU.Build.0 = Debug|Any CPU
		{2F075F9F-4E30-47DE-809C-42ABAEFEBC77}.Release|Any CPU.ActiveCfg = Release|Any CPU
		{2F075F9F-4E30-47DE-809C-42ABAEFEBC77}.Release|Any CPU.Build.0 = Release|Any CPU
		{137EDD92-BA19-49C0-B05B-17321D045788}.Debug|Any CPU.ActiveCfg = Debug|Any CPU
		{137EDD92-BA19-49C0-B05B-17321D045788}.Debug|Any CPU.Build.0 = Debug|Any CPU
		{137EDD92-BA19-49C0-B05B-17321D045788}.Release|Any CPU.ActiveCfg = Release|Any CPU
		{137EDD92-BA19-49C0-B05B-17321D045788}.Release|Any CPU.Build.0 = Release|Any CPU
		{CD9D6130-B4E9-4B95-8A9B-2BDAB8589E33}.Debug|Any CPU.ActiveCfg = Debug|Any CPU
		{CD9D6130-B4E9-4B95-8A9B-2BDAB8589E33}.Debug|Any CPU.Build.0 = Debug|Any CPU
		{CD9D6130-B4E9-4B95-8A9B-2BDAB8589E33}.Release|Any CPU.ActiveCfg = Release|Any CPU
		{CD9D6130-B4E9-4B95-8A9B-2BDAB8589E33}.Release|Any CPU.Build.0 = Release|Any CPU
	EndGlobalSection
	GlobalSection(SolutionProperties) = preSolution
		HideSolutionNode = FALSE
	EndGlobalSection
	GlobalSection(ExtensibilityGlobals) = postSolution
		SolutionGuid = {29BCCE0D-2AC2-4D01-898B-00E99949621A}
	EndGlobalSection
EndGlobal
